
Microsoft Visual Studio Solution File, Format Version 12.00
# Visual Studio 15
VisualStudioVersion = 15.0.27428.2027
MinimumVisualStudioVersion = 10.0.40219.1
Project("{FAE04EC0-301F-11D3-BF4B-00C04F79EFBC}") = "GameOfHands.Web", "GameOfHands.Web\GameOfHands.Web.csproj", "{BB870F56-E6A1-4D9B-8364-B052AE980B05}"
EndProject
Global
	GlobalSection(SolutionConfigurationPlatforms) = preSolution
		Debug|Any CPU = Debug|Any CPU
		Release|Any CPU = Release|Any CPU
	EndGlobalSection
	GlobalSection(ProjectConfigurationPlatforms) = postSolution
		{BB870F56-E6A1-4D9B-8364-B052AE980B05}.Debug|Any CPU.ActiveCfg = Debug|Any CPU
		{BB870F56-E6A1-4D9B-8364-B052AE980B05}.Debug|Any CPU.Build.0 = Debug|Any CPU
		{BB870F56-E6A1-4D9B-8364-B052AE980B05}.Release|Any CPU.ActiveCfg = Release|Any CPU
		{BB870F56-E6A1-4D9B-8364-B052AE980B05}.Release|Any CPU.Build.0 = Release|Any CPU
	EndGlobalSection
	GlobalSection(SolutionProperties) = preSolution
		HideSolutionNode = FALSE
	EndGlobalSection
	GlobalSection(ExtensibilityGlobals) = postSolution
		SolutionGuid = {2E01F2F7-5F97-4BB6-8484-1A97306941E2}
	EndGlobalSection
EndGlobal
